
Microsoft Visual Studio Solution File, Format Version 12.00
# Visual Studio Version 16
VisualStudioVersion = 16.0.29721.120
MinimumVisualStudioVersion = 10.0.40219.1
Project("{FAE04EC0-301F-11D3-BF4B-00C04F79EFBC}") = "CompilerCS", "CompilerCS\CompilerCS.csproj", "{82724D82-AED1-41C2-B385-75D40B53EFB1}"
EndProject
Global
	GlobalSection(SolutionConfigurationPlatforms) = preSolution
		Debug|Any CPU = Debug|Any CPU
		Debug|x86 = Debug|x86
		Release|Any CPU = Release|Any CPU
		Release|x86 = Release|x86
	EndGlobalSection
	GlobalSection(ProjectConfigurationPlatforms) = postSolution
		{82724D82-AED1-41C2-B385-75D40B53EFB1}.Debug|Any CPU.ActiveCfg = Debug|Any CPU
		{82724D82-AED1-41C2-B385-75D40B53EFB1}.Debug|Any CPU.Build.0 = Debug|Any CPU
		{82724D82-AED1-41C2-B385-75D40B53EFB1}.Debug|x86.ActiveCfg = Debug|x86
		{82724D82-AED1-41C2-B385-75D40B53EFB1}.Debug|x86.Build.0 = Debug|x86
		{82724D82-AED1-41C2-B385-75D40B53EFB1}.Release|Any CPU.ActiveCfg = Release|Any CPU
		{82724D82-AED1-41C2-B385-75D40B53EFB1}.Release|Any CPU.Build.0 = Release|Any CPU
		{82724D82-AED1-41C2-B385-75D40B53EFB1}.Release|x86.ActiveCfg = Release|x86
		{82724D82-AED1-41C2-B385-75D40B53EFB1}.Release|x86.Build.0 = Release|x86
	EndGlobalSection
	GlobalSection(SolutionProperties) = preSolution
		HideSolutionNode = FALSE
	EndGlobalSection
	GlobalSection(ExtensibilityGlobals) = postSolution
		SolutionGuid = {95CA8188-1BC3-44AE-8E29-5D65E7CE049C}
	EndGlobalSection
EndGlobal
